
Microsoft Visual Studio Solution File, Format Version 12.00
# Visual Studio Version 17
VisualStudioVersion = 17.0.31903.59
MinimumVisualStudioVersion = 10.0.40219.1
Project("{FAE04EC0-301F-11D3-BF4B-00C04F79EFBC}") = "Genalyzer", "Genalyzer\Genalyzer.csproj", "{A1B2C3D4-E5F6-7890-ABCD-EF1234567890}"
EndProject
Project("{2150E333-8FDC-42A3-9474-1A3956D46DE8}") = "examples", "examples", "{B36A84DF-456D-A817-6EDD-3EC3E7F6E11F}"
EndProject
Project("{FAE04EC0-301F-11D3-BF4B-00C04F79EFBC}") = "ToneGeneration", "examples\ToneGeneration\ToneGeneration.csproj", "{0DB137C0-6CAE-4916-BE26-082B5F64E5D9}"
EndProject
Project("{FAE04EC0-301F-11D3-BF4B-00C04F79EFBC}") = "FftComputation", "examples\FftComputation\FftComputation.csproj", "{764C7AB9-F6D6-4F9F-880D-E72468CF1818}"
EndProject
Project("{FAE04EC0-301F-11D3-BF4B-00C04F79EFBC}") = "SpectralAnalysis2", "examples\SpectralAnalysis2\SpectralAnalysis2.csproj", "{E65C1E5A-8E0D-4D33-89C2-74DDC1AE662C}"
EndProject
Project("{FAE04EC0-301F-11D3-BF4B-00C04F79EFBC}") = "FftAnalysis", "examples\FftAnalysis\FftAnalysis.csproj", "{4DCA8B8A-1A30-4158-B93D-96A57352CA00}"
EndProject
Project("{FAE04EC0-301F-11D3-BF4B-00C04F79EFBC}") = "RealAnalysis", "examples\RealAnalysis\RealAnalysis.csproj", "{77182890-ADFB-4977-B735-387DF2C37385}"
EndProject
Project("{FAE04EC0-301F-11D3-BF4B-00C04F79EFBC}") = "WaveformAnalysis", "examples\WaveformAnalysis\WaveformAnalysis.csproj", "{8DD7A275-6B1B-4C7B-A1FB-657E8C70A3B8}"
EndProject
Project("{FAE04EC0-301F-11D3-BF4B-00C04F79EFBC}") = "HistogramAnalysis", "examples\HistogramAnalysis\HistogramAnalysis.csproj", "{6D7CA345-9A40-4E09-AE5C-E4C22C982D49}"
EndProject
Project("{FAE04EC0-301F-11D3-BF4B-00C04F79EFBC}") = "FourierAnalysisSimplified", "examples\FourierAnalysisSimplified\FourierAnalysisSimplified.csproj", "{6E6FDAC4-31E3-4259-9285-382EAFE7B138}"
EndProject
Project("{FAE04EC0-301F-11D3-BF4B-00C04F79EFBC}") = "GenToneAndQuantize", "examples\GenToneAndQuantize\GenToneAndQuantize.csproj", "{77496846-E161-4414-AF79-FDC8FD77A1EF}"
EndProject
Global
	GlobalSection(SolutionConfigurationPlatforms) = preSolution
		Debug|Any CPU = Debug|Any CPU
		Debug|x64 = Debug|x64
		Debug|x86 = Debug|x86
		Release|Any CPU = Release|Any CPU
		Release|x64 = Release|x64
		Release|x86 = Release|x86
	EndGlobalSection
	GlobalSection(ProjectConfigurationPlatforms) = postSolution
		{A1B2C3D4-E5F6-7890-ABCD-EF1234567890}.Debug|Any CPU.ActiveCfg = Debug|Any CPU
		{A1B2C3D4-E5F6-7890-ABCD-EF1234567890}.Debug|Any CPU.Build.0 = Debug|Any CPU
		{A1B2C3D4-E5F6-7890-ABCD-EF1234567890}.Debug|x64.ActiveCfg = Debug|Any CPU
		{A1B2C3D4-E5F6-7890-ABCD-EF1234567890}.Debug|x64.Build.0 = Debug|Any CPU
		{A1B2C3D4-E5F6-7890-ABCD-EF1234567890}.Debug|x86.ActiveCfg = Debug|Any CPU
		{A1B2C3D4-E5F6-7890-ABCD-EF1234567890}.Debug|x86.Build.0 = Debug|Any CPU
		{A1B2C3D4-E5F6-7890-ABCD-EF1234567890}.Release|Any CPU.ActiveCfg = Release|Any CPU
		{A1B2C3D4-E5F6-7890-ABCD-EF1234567890}.Release|Any CPU.Build.0 = Release|Any CPU
		{A1B2C3D4-E5F6-7890-ABCD-EF1234567890}.Release|x64.ActiveCfg = Release|Any CPU
		{A1B2C3D4-E5F6-7890-ABCD-EF1234567890}.Release|x64.Build.0 = Release|Any CPU
		{A1B2C3D4-E5F6-7890-ABCD-EF1234567890}.Release|x86.ActiveCfg = Release|Any CPU
		{A1B2C3D4-E5F6-7890-ABCD-EF1234567890}.Release|x86.Build.0 = Release|Any CPU
		{0DB137C0-6CAE-4916-BE26-082B5F64E5D9}.Debug|Any CPU.ActiveCfg = Debug|Any CPU
		{0DB137C0-6CAE-4916-BE26-082B5F64E5D9}.Debug|Any CPU.Build.0 = Debug|Any CPU
		{0DB137C0-6CAE-4916-BE26-082B5F64E5D9}.Debug|x64.ActiveCfg = Debug|Any CPU
		{0DB137C0-6CAE-4916-BE26-082B5F64E5D9}.Debug|x64.Build.0 = Debug|Any CPU
		{0DB137C0-6CAE-4916-BE26-082B5F64E5D9}.Debug|x86.ActiveCfg = Debug|Any CPU
		{0DB137C0-6CAE-4916-BE26-082B5F64E5D9}.Debug|x86.Build.0 = Debug|Any CPU
		{0DB137C0-6CAE-4916-BE26-082B5F64E5D9}.Release|Any CPU.ActiveCfg = Release|Any CPU
		{0DB137C0-6CAE-4916-BE26-082B5F64E5D9}.Release|Any CPU.Build.0 = Release|Any CPU
		{0DB137C0-6CAE-4916-BE26-082B5F64E5D9}.Release|x64.ActiveCfg = Release|Any CPU
		{0DB137C0-6CAE-4916-BE26-082B5F64E5D9}.Release|x64.Build.0 = Release|Any CPU
		{0DB137C0-6CAE-4916-BE26-082B5F64E5D9}.Release|x86.ActiveCfg = Release|Any CPU
		{0DB137C0-6CAE-4916-BE26-082B5F64E5D9}.Release|x86.Build.0 = Release|Any CPU
		{764C7AB9-F6D6-4F9F-880D-E72468CF1818}.Debug|Any CPU.ActiveCfg = Debug|Any CPU
		{764C7AB9-F6D6-4F9F-880D-E72468CF1818}.Debug|Any CPU.Build.0 = Debug|Any CPU
		{764C7AB9-F6D6-4F9F-880D-E72468CF1818}.Debug|x64.ActiveCfg = Debug|Any CPU
		{764C7AB9-F6D6-4F9F-880D-E72468CF1818}.Debug|x64.Build.0 = Debug|Any CPU
		{764C7AB9-F6D6-4F9F-880D-E72468CF1818}.Debug|x86.ActiveCfg = Debug|Any CPU
		{764C7AB9-F6D6-4F9F-880D-E72468CF1818}.Debug|x86.Build.0 = Debug|Any CPU
		{764C7AB9-F6D6-4F9F-880D-E72468CF1818}.Release|Any CPU.ActiveCfg = Release|Any CPU
		{764C7AB9-F6D6-4F9F-880D-E72468CF1818}.Release|Any CPU.Build.0 = Release|Any CPU
		{764C7AB9-F6D6-4F9F-880D-E72468CF1818}.Release|x64.ActiveCfg = Release|Any CPU
		{764C7AB9-F6D6-4F9F-880D-E72468CF1818}.Release|x64.Build.0 = Release|Any CPU
		{764C7AB9-F6D6-4F9F-880D-E72468CF1818}.Release|x86.ActiveCfg = Release|Any CPU
		{764C7AB9-F6D6-4F9F-880D-E72468CF1818}.Release|x86.Build.0 = Release|Any CPU
		{E65C1E5A-8E0D-4D33-89C2-74DDC1AE662C}.Debug|Any CPU.ActiveCfg = Debug|Any CPU
		{E65C1E5A-8E0D-4D33-89C2-74DDC1AE662C}.Debug|Any CPU.Build.0 = Debug|Any CPU
		{E65C1E5A-8E0D-4D33-89C2-74DDC1AE662C}.Debug|x64.ActiveCfg = Debug|Any CPU
		{E65C1E5A-8E0D-4D33-89C2-74DDC1AE662C}.Debug|x64.Build.0 = Debug|Any CPU
		{E65C1E5A-8E0D-4D33-89C2-74DDC1AE662C}.Debug|x86.ActiveCfg = Debug|Any CPU
		{E65C1E5A-8E0D-4D33-89C2-74DDC1AE662C}.Debug|x86.Build.0 = Debug|Any CPU
		{E65C1E5A-8E0D-4D33-89C2-74DDC1AE662C}.Release|Any CPU.ActiveCfg = Release|Any CPU
		{E65C1E5A-8E0D-4D33-89C2-74DDC1AE662C}.Release|Any CPU.Build.0 = Release|Any CPU
		{E65C1E5A-8E0D-4D33-89C2-74DDC1AE662C}.Release|x64.ActiveCfg = Release|Any CPU
		{E65C1E5A-8E0D-4D33-89C2-74DDC1AE662C}.Release|x64.Build.0 = Release|Any CPU
		{E65C1E5A-8E0D-4D33-89C2-74DDC1AE662C}.Release|x86.ActiveCfg = Release|Any CPU
		{E65C1E5A-8E0D-4D33-89C2-74DDC1AE662C}.Release|x86.Build.0 = Release|Any CPU
		{4DCA8B8A-1A30-4158-B93D-96A57352CA00}.Debug|Any CPU.ActiveCfg = Debug|Any CPU
		{4DCA8B8A-1A30-4158-B93D-96A57352CA00}.Debug|Any CPU.Build.0 = Debug|Any CPU
		{4DCA8B8A-1A30-4158-B93D-96A57352CA00}.Debug|x64.ActiveCfg = Debug|Any CPU
		{4DCA8B8A-1A30-4158-B93D-96A57352CA00}.Debug|x64.Build.0 = Debug|Any CPU
		{4DCA8B8A-1A30-4158-B93D-96A57352CA00}.Debug|x86.ActiveCfg = Debug|Any CPU
		{4DCA8B8A-1A30-4158-B93D-96A57352CA00}.Debug|x86.Build.0 = Debug|Any CPU
		{4DCA8B8A-1A30-4158-B93D-96A57352CA00}.Release|Any CPU.ActiveCfg = Release|Any CPU
		{4DCA8B8A-1A30-4158-B93D-96A57352CA00}.Release|Any CPU.Build.0 = Release|Any CPU
		{4DCA8B8A-1A30-4158-B93D-96A57352CA00}.Release|x64.ActiveCfg = Release|Any CPU
		{4DCA8B8A-1A30-4158-B93D-96A57352CA00}.Release|x64.Build.0 = Release|Any CPU
		{4DCA8B8A-1A30-4158-B93D-96A57352CA00}.Release|x86.ActiveCfg = Release|Any CPU
		{4DCA8B8A-1A30-4158-B93D-96A57352CA00}.Release|x86.Build.0 = Release|Any CPU
		{77182890-ADFB-4977-B735-387DF2C37385}.Debug|Any CPU.ActiveCfg = Debug|Any CPU
		{77182890-ADFB-4977-B735-387DF2C37385}.Debug|Any CPU.Build.0 = Debug|Any CPU
		{77182890-ADFB-4977-B735-387DF2C37385}.Debug|x64.ActiveCfg = Debug|Any CPU
		{77182890-ADFB-4977-B735-387DF2C37385}.Debug|x64.Build.0 = Debug|Any CPU
		{77182890-ADFB-4977-B735-387DF2C37385}.Debug|x86.ActiveCfg = Debug|Any CPU
		{77182890-ADFB-4977-B735-387DF2C37385}.Debug|x86.Build.0 = Debug|Any CPU
		{77182890-ADFB-4977-B735-387DF2C37385}.Release|Any CPU.ActiveCfg = Release|Any CPU
		{77182890-ADFB-4977-B735-387DF2C37385}.Release|Any CPU.Build.0 = Release|Any CPU
		{77182890-ADFB-4977-B735-387DF2C37385}.Release|x64.ActiveCfg = Release|Any CPU
		{77182890-ADFB-4977-B735-387DF2C37385}.Release|x64.Build.0 = Release|Any CPU
		{77182890-ADFB-4977-B735-387DF2C37385}.Release|x86.ActiveCfg = Release|Any CPU
		{77182890-ADFB-4977-B735-387DF2C37385}.Release|x86.Build.0 = Release|Any CPU
		{8DD7A275-6B1B-4C7B-A1FB-657E8C70A3B8}.Debug|Any CPU.ActiveCfg = Debug|Any CPU
		{8DD7A275-6B1B-4C7B-A1FB-657E8C70A3B8}.Debug|Any CPU.Build.0 = Debug|Any CPU
		{8DD7A275-6B1B-4C7B-A1FB-657E8C70A3B8}.Debug|x64.ActiveCfg = Debug|Any CPU
		{8DD7A275-6B1B-4C7B-A1FB-657E8C70A3B8}.Debug|x64.Build.0 = Debug|Any CPU
		{8DD7A275-6B1B-4C7B-A1FB-657E8C70A3B8}.Debug|x86.ActiveCfg = Debug|Any CPU
		{8DD7A275-6B1B-4C7B-A1FB-657E8C70A3B8}.Debug|x86.Build.0 = Debug|Any CPU
		{8DD7A275-6B1B-4C7B-A1FB-657E8C70A3B8}.Release|Any CPU.ActiveCfg = Release|Any CPU
		{8DD7A275-6B1B-4C7B-A1FB-657E8C70A3B8}.Release|Any CPU.Build.0 = Release|Any CPU
		{8DD7A275-6B1B-4C7B-A1FB-657E8C70A3B8}.Release|x64.ActiveCfg = Release|Any CPU
		{8DD7A275-6B1B-4C7B-A1FB-657E8C70A3B8}.Release|x64.Build.0 = Release|Any CPU
		{8DD7A275-6B1B-4C7B-A1FB-657E8C70A3B8}.Release|x86.ActiveCfg = Release|Any CPU
		{8DD7A275-6B1B-4C7B-A1FB-657E8C70A3B8}.Release|x86.Build.0 = Release|Any CPU
		{6D7CA345-9A40-4E09-AE5C-E4C22C982D49}.Debug|Any CPU.ActiveCfg = Debug|Any CPU
		{6D7CA345-9A40-4E09-AE5C-E4C22C982D49}.Debug|Any CPU.Build.0 = Debug|Any CPU
		{6D7CA345-9A40-4E09-AE5C-E4C22C982D49}.Debug|x64.ActiveCfg = Debug|Any CPU
		{6D7CA345-9A40-4E09-AE5C-E4C22C982D49}.Debug|x64.Build.0 = Debug|Any CPU
		{6D7CA345-9A40-4E09-AE5C-E4C22C982D49}.Debug|x86.ActiveCfg = Debug|Any CPU
		{6D7CA345-9A40-4E09-AE5C-E4C22C982D49}.Debug|x86.Build.0 = Debug|Any CPU
		{6D7CA345-9A40-4E09-AE5C-E4C22C982D49}.Release|Any CPU.ActiveCfg = Release|Any CPU
		{6D7CA345-9A40-4E09-AE5C-E4C22C982D49}.Release|Any CPU.Build.0 = Release|Any CPU
		{6D7CA345-9A40-4E09-AE5C-E4C22C982D49}.Release|x64.ActiveCfg = Release|Any CPU
		{6D7CA345-9A40-4E09-AE5C-E4C22C982D49}.Release|x64.Build.0 = Release|Any CPU
		{6D7CA345-9A40-4E09-AE5C-E4C22C982D49}.Release|x86.ActiveCfg = Release|Any CPU
		{6D7CA345-9A40-4E09-AE5C-E4C22C982D49}.Release|x86.Build.0 = Release|Any CPU
		{6E6FDAC4-31E3-4259-9285-382EAFE7B138}.Debug|Any CPU.ActiveCfg = Debug|Any CPU
		{6E6FDAC4-31E3-4259-9285-382EAFE7B138}.Debug|Any CPU.Build.0 = Debug|Any CPU
		{6E6FDAC4-31E3-4259-9285-382EAFE7B138}.Debug|x64.ActiveCfg = Debug|Any CPU
		{6E6FDAC4-31E3-4259-9285-382EAFE7B138}.Debug|x64.Build.0 = Debug|Any CPU
		{6E6FDAC4-31E3-4259-9285-382EAFE7B138}.Debug|x86.ActiveCfg = Debug|Any CPU
		{6E6FDAC4-31E3-4259-9285-382EAFE7B138}.Debug|x86.Build.0 = Debug|Any CPU
		{6E6FDAC4-31E3-4259-9285-382EAFE7B138}.Release|Any CPU.ActiveCfg = Release|Any CPU
		{6E6FDAC4-31E3-4259-9285-382EAFE7B138}.Release|Any CPU.Build.0 = Release|Any CPU
		{6E6FDAC4-31E3-4259-9285-382EAFE7B138}.Release|x64.ActiveCfg = Release|Any CPU
		{6E6FDAC4-31E3-4259-9285-382EAFE7B138}.Release|x64.Build.0 = Release|Any CPU
		{6E6FDAC4-31E3-4259-9285-382EAFE7B138}.Release|x86.ActiveCfg = Release|Any CPU
		{6E6FDAC4-31E3-4259-9285-382EAFE7B138}.Release|x86.Build.0 = Release|Any CPU
		{77496846-E161-4414-AF79-FDC8FD77A1EF}.Debug|Any CPU.ActiveCfg = Debug|Any CPU
		{77496846-E161-4414-AF79-FDC8FD77A1EF}.Debug|Any CPU.Build.0 = Debug|Any CPU
		{77496846-E161-4414-AF79-FDC8FD77A1EF}.Debug|x64.ActiveCfg = Debug|Any CPU
		{77496846-E161-4414-AF79-FDC8FD77A1EF}.Debug|x64.Build.0 = Debug|Any CPU
		{77496846-E161-4414-AF79-FDC8FD77A1EF}.Debug|x86.ActiveCfg = Debug|Any CPU
		{77496846-E161-4414-AF79-FDC8FD77A1EF}.Debug|x86.Build.0 = Debug|Any CPU
		{77496846-E161-4414-AF79-FDC8FD77A1EF}.Release|Any CPU.ActiveCfg = Release|Any CPU
		{77496846-E161-4414-AF79-FDC8FD77A1EF}.Release|Any CPU.Build.0 = Release|Any CPU
		{77496846-E161-4414-AF79-FDC8FD77A1EF}.Release|x64.ActiveCfg = Release|Any CPU
		{77496846-E161-4414-AF79-FDC8FD77A1EF}.Release|x64.Build.0 = Release|Any CPU
		{77496846-E161-4414-AF79-FDC8FD77A1EF}.Release|x86.ActiveCfg = Release|Any CPU
		{77496846-E161-4414-AF79-FDC8FD77A1EF}.Release|x86.Build.0 = Release|Any CPU
	EndGlobalSection
	GlobalSection(SolutionProperties) = preSolution
		HideSolutionNode = FALSE
	EndGlobalSection
	GlobalSection(NestedProjects) = preSolution
		{0DB137C0-6CAE-4916-BE26-082B5F64E5D9} = {B36A84DF-456D-A817-6EDD-3EC3E7F6E11F}
		{764C7AB9-F6D6-4F9F-880D-E72468CF1818} = {B36A84DF-456D-A817-6EDD-3EC3E7F6E11F}
		{E65C1E5A-8E0D-4D33-89C2-74DDC1AE662C} = {B36A84DF-456D-A817-6EDD-3EC3E7F6E11F}
		{4DCA8B8A-1A30-4158-B93D-96A57352CA00} = {B36A84DF-456D-A817-6EDD-3EC3E7F6E11F}
		{77182890-ADFB-4977-B735-387DF2C37385} = {B36A84DF-456D-A817-6EDD-3EC3E7F6E11F}
		{8DD7A275-6B1B-4C7B-A1FB-657E8C70A3B8} = {B36A84DF-456D-A817-6EDD-3EC3E7F6E11F}
		{6D7CA345-9A40-4E09-AE5C-E4C22C982D49} = {B36A84DF-456D-A817-6EDD-3EC3E7F6E11F}
		{6E6FDAC4-31E3-4259-9285-382EAFE7B138} = {B36A84DF-456D-A817-6EDD-3EC3E7F6E11F}
		{77496846-E161-4414-AF79-FDC8FD77A1EF} = {B36A84DF-456D-A817-6EDD-3EC3E7F6E11F}
	EndGlobalSection
EndGlobal
